
Microsoft Visual Studio Solution File, Format Version 12.00
# Visual Studio Version 17
VisualStudioVersion = 17.7.34221.43
MinimumVisualStudioVersion = 10.0.40219.1
Project("{9A19103F-16F7-4668-BE54-9A1E7A4F7556}") = "WebAPI", "WebAPI\WebAPI.csproj", "{08101881-3E23-4DC9-9779-3E7139A893DE}"
EndProject
Project("{9A19103F-16F7-4668-BE54-9A1E7A4F7556}") = "Business", "Business\Business.csproj", "{0FA468FB-E193-4125-8967-0325486883D7}"
EndProject
Project("{9A19103F-16F7-4668-BE54-9A1E7A4F7556}") = "Entities", "Entities\Entities.csproj", "{72647C90-1035-4745-8A8D-4AABCBA8AB1A}"
EndProject
Project("{FAE04EC0-301F-11D3-BF4B-00C04F79EFBC}") = "DataAccess", "DataAccess\DataAccess.csproj", "{B7B4446C-F2C5-43CA-9AE4-1F3035ABE7AB}"
EndProject
Global
	GlobalSection(SolutionConfigurationPlatforms) = preSolution
		Debug|Any CPU = Debug|Any CPU
		Release|Any CPU = Release|Any CPU
	EndGlobalSection
	GlobalSection(ProjectConfigurationPlatforms) = postSolution
		{08101881-3E23-4DC9-9779-3E7139A893DE}.Debug|Any CPU.ActiveCfg = Debug|Any CPU
		{08101881-3E23-4DC9-9779-3E7139A893DE}.Debug|Any CPU.Build.0 = Debug|Any CPU
		{08101881-3E23-4DC9-9779-3E7139A893DE}.Release|Any CPU.ActiveCfg = Release|Any CPU
		{08101881-3E23-4DC9-9779-3E7139A893DE}.Release|Any CPU.Build.0 = Release|Any CPU
		{0FA468FB-E193-4125-8967-0325486883D7}.Debug|Any CPU.ActiveCfg = Debug|Any CPU
		{0FA468FB-E193-4125-8967-0325486883D7}.Debug|Any CPU.Build.0 = Debug|Any CPU
		{0FA468FB-E193-4125-8967-0325486883D7}.Release|Any CPU.ActiveCfg = Release|Any CPU
		{0FA468FB-E193-4125-8967-0325486883D7}.Release|Any CPU.Build.0 = Release|Any CPU
		{72647C90-1035-4745-8A8D-4AABCBA8AB1A}.Debug|Any CPU.ActiveCfg = Debug|Any CPU
		{72647C90-1035-4745-8A8D-4AABCBA8AB1A}.Debug|Any CPU.Build.0 = Debug|Any CPU
		{72647C90-1035-4745-8A8D-4AABCBA8AB1A}.Release|Any CPU.ActiveCfg = Release|Any CPU
		{72647C90-1035-4745-8A8D-4AABCBA8AB1A}.Release|Any CPU.Build.0 = Release|Any CPU
		{B7B4446C-F2C5-43CA-9AE4-1F3035ABE7AB}.Debug|Any CPU.ActiveCfg = Debug|Any CPU
		{B7B4446C-F2C5-43CA-9AE4-1F3035ABE7AB}.Debug|Any CPU.Build.0 = Debug|Any CPU
		{B7B4446C-F2C5-43CA-9AE4-1F3035ABE7AB}.Release|Any CPU.ActiveCfg = Release|Any CPU
		{B7B4446C-F2C5-43CA-9AE4-1F3035ABE7AB}.Release|Any CPU.Build.0 = Release|Any CPU
	EndGlobalSection
	GlobalSection(SolutionProperties) = preSolution
		HideSolutionNode = FALSE
	EndGlobalSection
	GlobalSection(ExtensibilityGlobals) = postSolution
		SolutionGuid = {FA61F4F1-0A73-49E0-817A-44D1B8D9F79C}
	EndGlobalSection
EndGlobal
